version: v0.155.1
dependencies:
- name: base
  repository: https://istio-release.storage.googleapis.com/charts
  version: 1.18.2
- name: grafana
  repository: https://grafana.github.io/helm-charts
  version: 6.58.7
- name: istiod
  repository: https://istio-release.storage.googleapis.com/charts
  version: 1.18.2
- name: prometheus
  repository: https://prometheus-community.github.io/helm-charts
  version: 23.2.0
digest: sha256:b598fb1807a0a868a8f0eaae44409052a5bcb4682a063dd88c8d238bf1df6852
generated: "2023-08-06T19:22:49.219571+01:00"
